
Microsoft Visual Studio Solution File, Format Version 11.00
# Visual Studio 2010
Project("{FAE04EC0-301F-11D3-BF4B-00C04F79EFBC}") = "Assembly-CSharp", "Assembly-CSharp.csproj", "{A653496A-B25D-6BEE-9026-CC4E2182FD1E}"
EndProject
Project("{FAE04EC0-301F-11D3-BF4B-00C04F79EFBC}") = "Assembly-CSharp-Editor", "Assembly-CSharp-Editor.csproj", "{A37F1173-51A7-2FBE-0691-44C12E288805}"
EndProject
Global
	GlobalSection(SolutionConfigurationPlatforms) = preSolution
		Debug|Any CPU = Debug|Any CPU
		Release|Any CPU = Release|Any CPU
	EndGlobalSection
	GlobalSection(ProjectConfigurationPlatforms) = postSolution
		{A653496A-B25D-6BEE-9026-CC4E2182FD1E}.Debug|Any CPU.ActiveCfg = Debug|Any CPU
		{A653496A-B25D-6BEE-9026-CC4E2182FD1E}.Debug|Any CPU.Build.0 = Debug|Any CPU
		{A653496A-B25D-6BEE-9026-CC4E2182FD1E}.Release|Any CPU.ActiveCfg = Release|Any CPU
		{A653496A-B25D-6BEE-9026-CC4E2182FD1E}.Release|Any CPU.Build.0 = Release|Any CPU
		{A37F1173-51A7-2FBE-0691-44C12E288805}.Debug|Any CPU.ActiveCfg = Debug|Any CPU
		{A37F1173-51A7-2FBE-0691-44C12E288805}.Debug|Any CPU.Build.0 = Debug|Any CPU
		{A37F1173-51A7-2FBE-0691-44C12E288805}.Release|Any CPU.ActiveCfg = Release|Any CPU
		{A37F1173-51A7-2FBE-0691-44C12E288805}.Release|Any CPU.Build.0 = Release|Any CPU
	EndGlobalSection
	GlobalSection(SolutionProperties) = preSolution
		HideSolutionNode = FALSE
	EndGlobalSection
EndGlobal
